
Microsoft Visual Studio Solution File, Format Version 12.00
Project("{FAE04EC0-301F-11D3-BF4B-00C04F79EFBC}") = "Shazam.Integrations.Controllers", "Shazam.Integrations.Controllers\Shazam.Integrations.Controllers.csproj", "{9911012D-F136-4546-A981-5311E039891E}"
EndProject
Project("{FAE04EC0-301F-11D3-BF4B-00C04F79EFBC}") = "Shazam.Integrations.Facade", "Shazam.Integrations.Facade\Shazam.Integrations.Facade.csproj", "{DFCEA1B8-580A-41F7-8639-8DC37C5ED937}"
EndProject
Project("{FAE04EC0-301F-11D3-BF4B-00C04F79EFBC}") = "Shazam.Integrations.Facade.Contracts", "Shazam.Integrations.Facade.Contracts\Shazam.Integrations.Facade.Contracts.csproj", "{9BB6FB15-79AB-4E72-A709-F2B5DC13D962}"
EndProject
Global
	GlobalSection(SolutionConfigurationPlatforms) = preSolution
		Debug|Any CPU = Debug|Any CPU
		Release|Any CPU = Release|Any CPU
	EndGlobalSection
	GlobalSection(ProjectConfigurationPlatforms) = postSolution
		{9911012D-F136-4546-A981-5311E039891E}.Debug|Any CPU.ActiveCfg = Debug|Any CPU
		{9911012D-F136-4546-A981-5311E039891E}.Debug|Any CPU.Build.0 = Debug|Any CPU
		{9911012D-F136-4546-A981-5311E039891E}.Release|Any CPU.ActiveCfg = Release|Any CPU
		{9911012D-F136-4546-A981-5311E039891E}.Release|Any CPU.Build.0 = Release|Any CPU
		{DFCEA1B8-580A-41F7-8639-8DC37C5ED937}.Debug|Any CPU.ActiveCfg = Debug|Any CPU
		{DFCEA1B8-580A-41F7-8639-8DC37C5ED937}.Debug|Any CPU.Build.0 = Debug|Any CPU
		{DFCEA1B8-580A-41F7-8639-8DC37C5ED937}.Release|Any CPU.ActiveCfg = Release|Any CPU
		{DFCEA1B8-580A-41F7-8639-8DC37C5ED937}.Release|Any CPU.Build.0 = Release|Any CPU
		{9BB6FB15-79AB-4E72-A709-F2B5DC13D962}.Debug|Any CPU.ActiveCfg = Debug|Any CPU
		{9BB6FB15-79AB-4E72-A709-F2B5DC13D962}.Debug|Any CPU.Build.0 = Debug|Any CPU
		{9BB6FB15-79AB-4E72-A709-F2B5DC13D962}.Release|Any CPU.ActiveCfg = Release|Any CPU
		{9BB6FB15-79AB-4E72-A709-F2B5DC13D962}.Release|Any CPU.Build.0 = Release|Any CPU
	EndGlobalSection
EndGlobal
